<?xml version="1.0" encoding="utf-8"?>
<Project ToolsVersion="4.0" xmlns="http://schemas.microsoft.com/developer/msbuild/2003">
  <ItemGroup>
    <ClCompile Include="..\..\src\app.cpp" />
    <ClCompile Include="..\..\src\main.cpp" />
    <ClCompile Include="..\..\src\entity\ball.cpp" />
    <ClCompile Include="..\..\src\entity\block.cpp" />
    <ClCompile Include="..\..\src\entity\entity.cpp" />
    <ClCompile Include="..\..\src\entity\paddle.cpp" />
    <ClCompile Include="..\..\src\game\game.cpp" />
    <ClCompile Include="..\..\src\helper\material.cpp" />
    <ClCompile Include="..\..\src\helper\math.cpp" />
    <ClCompile Include="..\..\src\helper\mesh.cpp" />
    <ClCompile Include="..\..\src\entity\dialog.cpp" />
  </ItemGroup>
  <ItemGroup>
    <ClInclude Include="..\..\src\app.hpp" />
    <ClInclude Include="..\..\src\camera.hpp" />
    <ClInclude Include="..\..\src\key.hpp" />
    <ClInclude Include="..\..\src\entity\ball.hpp" />
    <ClInclude Include="..\..\src\entity\block.hpp" />
    <ClInclude Include="..\..\src\entity\entity.hpp" />
    <ClInclude Include="..\..\src\entity\paddle.hpp" />
    <ClInclude Include="..\..\src\game\data.hpp" />
    <ClInclude Include="..\..\src\game\game.hpp" />
    <ClInclude Include="..\..\src\helper\material.hpp" />
    <ClInclude Include="..\..\src\helper\math.hpp" />
    <ClInclude Include="..\..\src\helper\mesh.hpp" />
    <ClInclude Include="..\..\src\light.hpp" />
    <ClInclude Include="..\..\src\entity\dialog.hpp" />
  </ItemGroup>
</Project>