
Microsoft Visual Studio Solution File, Format Version 11.00
# Visual Studio 2010
Project("{8BC9CEB8-8B4A-11D0-8D11-00A0C91BC942}") = "block-breaker", "block-breaker\block-breaker.vcxproj", "{2226DB5F-4E89-48C0-8A1F-6F90641D0437}"
EndProject
Global
	GlobalSection(SolutionConfigurationPlatforms) = preSolution
		Debug|Win32 = Debug|Win32
		Release|Win32 = Release|Win32
	EndGlobalSection
	GlobalSection(ProjectConfigurationPlatforms) = postSolution
		{2226DB5F-4E89-48C0-8A1F-6F90641D0437}.Debug|Win32.ActiveCfg = Debug|Win32
		{2226DB5F-4E89-48C0-8A1F-6F90641D0437}.Debug|Win32.Build.0 = Debug|Win32
		{2226DB5F-4E89-48C0-8A1F-6F90641D0437}.Release|Win32.ActiveCfg = Release|Win32
		{2226DB5F-4E89-48C0-8A1F-6F90641D0437}.Release|Win32.Build.0 = Release|Win32
	EndGlobalSection
	GlobalSection(SolutionProperties) = preSolution
		HideSolutionNode = FALSE
	EndGlobalSection
EndGlobal
